
Microsoft Visual Studio Solution File, Format Version 12.00
# Visual Studio Version 17
VisualStudioVersion = 17.8.34322.80
MinimumVisualStudioVersion = 10.0.40219.1
Project("{FAE04EC0-301F-11D3-BF4B-00C04F79EFBC}") = "SYSMCLTD", "SYSMCLTD\SYSMCLTD.csproj", "{D983206F-091B-4F29-B80A-2BBA04BC48F9}"
EndProject
Global
	GlobalSection(SolutionConfigurationPlatforms) = preSolution
		Debug|Any CPU = Debug|Any CPU
		Release|Any CPU = Release|Any CPU
	EndGlobalSection
	GlobalSection(ProjectConfigurationPlatforms) = postSolution
		{D983206F-091B-4F29-B80A-2BBA04BC48F9}.Debug|Any CPU.ActiveCfg = Debug|Any CPU
		{D983206F-091B-4F29-B80A-2BBA04BC48F9}.Debug|Any CPU.Build.0 = Debug|Any CPU
		{D983206F-091B-4F29-B80A-2BBA04BC48F9}.Release|Any CPU.ActiveCfg = Release|Any CPU
		{D983206F-091B-4F29-B80A-2BBA04BC48F9}.Release|Any CPU.Build.0 = Release|Any CPU
	EndGlobalSection
	GlobalSection(SolutionProperties) = preSolution
		HideSolutionNode = FALSE
	EndGlobalSection
	GlobalSection(ExtensibilityGlobals) = postSolution
		SolutionGuid = {C9AF5EA0-EC39-4E02-BB3B-0AC4B292E613}
	EndGlobalSection
EndGlobal
